github.com/mshafiee/swephgo v1.0.0 h1:WRO0KlD5HXO4Cay4of+ve8nWab7ZYwYfWqpo5Y0VzHE=
github.com/mshafiee/swephgo v1.0.0/go.mod h1:0VcHoa3tWCeeiJxzb1xyS+NkEeYwzZTeY4PneAHm3T0=
github.com/wlhyl/ganzhiwuxin v1.0.0 h1:gkNuZmWSHLmdXA5ZwrqaNdnPfXRyXmce9QsMatnvIZc=
github.com/wlhyl/ganzhiwuxin v1.0.0/go.mod h1:KXEsu/Iym3lGHmStxHtXfhiF6zkyt8VM+gNNV1hJ99E=
